
Microsoft Visual Studio Solution File, Format Version 12.00
# Visual Studio Version 17
VisualStudioVersion = 17.14.36811.4
MinimumVisualStudioVersion = 10.0.40219.1
Project("{FAE04EC0-301F-11D3-BF4B-00C04F79EFBC}") = "CourseManagement", "CourseManagement\CourseManagement.csproj", "{DB3175D1-80C4-4A6B-8AA1-79B6DDCB34BA}"
EndProject
Project("{FAE04EC0-301F-11D3-BF4B-00C04F79EFBC}") = "CourseManagementAPI", "CourseManagementAPI\CourseManagementAPI.csproj", "{30CB1730-A821-46B3-92CD-CBF96EFF9A54}"
EndProject
Project("{FAE04EC0-301F-11D3-BF4B-00C04F79EFBC}") = "ReportingCourseManagement", "ReportingCourseManagement\ReportingCourseManagement.csproj", "{A920D7CB-2C27-4D8E-8D4B-E4FB04C0A823}"
EndProject
Global
	GlobalSection(SolutionConfigurationPlatforms) = preSolution
		Debug|Any CPU = Debug|Any CPU
		Release|Any CPU = Release|Any CPU
	EndGlobalSection
	GlobalSection(ProjectConfigurationPlatforms) = postSolution
		{DB3175D1-80C4-4A6B-8AA1-79B6DDCB34BA}.Debug|Any CPU.ActiveCfg = Debug|Any CPU
		{DB3175D1-80C4-4A6B-8AA1-79B6DDCB34BA}.Debug|Any CPU.Build.0 = Debug|Any CPU
		{DB3175D1-80C4-4A6B-8AA1-79B6DDCB34BA}.Release|Any CPU.ActiveCfg = Release|Any CPU
		{DB3175D1-80C4-4A6B-8AA1-79B6DDCB34BA}.Release|Any CPU.Build.0 = Release|Any CPU
		{30CB1730-A821-46B3-92CD-CBF96EFF9A54}.Debug|Any CPU.ActiveCfg = Debug|Any CPU
		{30CB1730-A821-46B3-92CD-CBF96EFF9A54}.Debug|Any CPU.Build.0 = Debug|Any CPU
		{30CB1730-A821-46B3-92CD-CBF96EFF9A54}.Release|Any CPU.ActiveCfg = Release|Any CPU
		{30CB1730-A821-46B3-92CD-CBF96EFF9A54}.Release|Any CPU.Build.0 = Release|Any CPU
		{A920D7CB-2C27-4D8E-8D4B-E4FB04C0A823}.Debug|Any CPU.ActiveCfg = Debug|Any CPU
		{A920D7CB-2C27-4D8E-8D4B-E4FB04C0A823}.Debug|Any CPU.Build.0 = Debug|Any CPU
		{A920D7CB-2C27-4D8E-8D4B-E4FB04C0A823}.Release|Any CPU.ActiveCfg = Release|Any CPU
		{A920D7CB-2C27-4D8E-8D4B-E4FB04C0A823}.Release|Any CPU.Build.0 = Release|Any CPU
	EndGlobalSection
	GlobalSection(SolutionProperties) = preSolution
		HideSolutionNode = FALSE
	EndGlobalSection
	GlobalSection(ExtensibilityGlobals) = postSolution
		SolutionGuid = {2D0A5C52-C620-40FD-B7D4-480B8F32074C}
	EndGlobalSection
EndGlobal
